// !$*UTF8*$!
{
	archiveVersion = 1;
	classes = {
	};
	objectVersion = 46;
	objects = {

/* Begin PBXBuildFile section */
		E16016F41CA1C094001C9A3A /* CoreLocation.framework in Frameworks */ = {isa = PBXBuildFile; fileRef = E16016F31CA1C094001C9A3A /* CoreLocation.framework */; };
		E16016F61CA29515001C9A3A /* MapKit.framework in Frameworks */ = {isa = PBXBuildFile; fileRef = E16016F51CA29515001C9A3A /* MapKit.framework */; };
		E16016F81CA298FA001C9A3A /* CustomerAnnotation.swift in Sources */ = {isa = PBXBuildFile; fileRef = E16016F71CA298FA001C9A3A /* CustomerAnnotation.swift */; };
		E1F8850A1C9880910013BF5C /* AppDelegate.swift in Sources */ = {isa = PBXBuildFile; fileRef = E1F885091C9880910013BF5C /* AppDelegate.swift */; };
		E1F8850F1C9880910013BF5C /* Main.storyboard in Resources */ = {isa = PBXBuildFile; fileRef = E1F8850D1C9880910013BF5C /* Main.storyboard */; };
		E1F885111C9880910013BF5C /* Assets.xcassets in Resources */ = {isa = PBXBuildFile; fileRef = E1F885101C9880910013BF5C /* Assets.xcassets */; };
		E1F885141C9880910013BF5C /* LaunchScreen.storyboard in Resources */ = {isa = PBXBuildFile; fileRef = E1F885121C9880910013BF5C /* LaunchScreen.storyboard */; };
		E1F8851C1C9883B70013BF5C /* MainTableViewController.swift in Sources */ = {isa = PBXBuildFile; fileRef = E1F8851B1C9883B70013BF5C /* MainTableViewController.swift */; };
		E1F8851E1C9883DA0013BF5C /* DetailsViewController.swift in Sources */ = {isa = PBXBuildFile; fileRef = E1F8851D1C9883DA0013BF5C /* DetailsViewController.swift */; };
		E1F885201C9883F90013BF5C /* CustomerTableViewCell.swift in Sources */ = {isa = PBXBuildFile; fileRef = E1F8851F1C9883F90013BF5C /* CustomerTableViewCell.swift */; };
		E1F885251C9884500013BF5C /* Customer.swift in Sources */ = {isa = PBXBuildFile; fileRef = E1F885241C9884500013BF5C /* Customer.swift */; };
		E1F885271C98850A0013BF5C /* CRMService.swift in Sources */ = {isa = PBXBuildFile; fileRef = E1F885261C98850A0013BF5C /* CRMService.swift */; };
		EC30D7F8A0B47B3A27A58288 /* Pods.framework in Frameworks */ = {isa = PBXBuildFile; fileRef = 91931090CB35EDE29BC535D5 /* Pods.framework */; };
/* End PBXBuildFile section */

/* Begin PBXFileReference section */
		3300A03C5353E6B984C96572 /* Pods.debug.xcconfig */ = {isa = PBXFileReference; includeInIndex = 1; lastKnownFileType = text.xcconfig; name = Pods.debug.xcconfig; path = "Pods/Target Support Files/Pods/Pods.debug.xcconfig"; sourceTree = "<group>"; };
		91931090CB35EDE29BC535D5 /* Pods.framework */ = {isa = PBXFileReference; explicitFileType = wrapper.framework; includeInIndex = 0; path = Pods.framework; sourceTree = BUILT_PRODUCTS_DIR; };
		9A8DADE74F17C819549FF748 /* Pods.release.xcconfig */ = {isa = PBXFileReference; includeInIndex = 1; lastKnownFileType = text.xcconfig; name = Pods.release.xcconfig; path = "Pods/Target Support Files/Pods/Pods.release.xcconfig"; sourceTree = "<group>"; };
		E16016F31CA1C094001C9A3A /* CoreLocation.framework */ = {isa = PBXFileReference; lastKnownFileType = wrapper.framework; name = CoreLocation.framework; path = System/Library/Frameworks/CoreLocation.framework; sourceTree = SDKROOT; };
		E16016F51CA29515001C9A3A /* MapKit.framework */ = {isa = PBXFileReference; lastKnownFileType = wrapper.framework; name = MapKit.framework; path = System/Library/Frameworks/MapKit.framework; sourceTree = SDKROOT; };
		E16016F71CA298FA001C9A3A /* CustomerAnnotation.swift */ = {isa = PBXFileReference; fileEncoding = 4; lastKnownFileType = sourcecode.swift; path = CustomerAnnotation.swift; sourceTree = "<group>"; };
		E1F885061C9880910013BF5C /* FormatechCRM.app */ = {isa = PBXFileReference; explicitFileType = wrapper.application; includeInIndex = 0; path = FormatechCRM.app; sourceTree = BUILT_PRODUCTS_DIR; };
		E1F885091C9880910013BF5C /* AppDelegate.swift */ = {isa = PBXFileReference; lastKnownFileType = sourcecode.swift; path = AppDelegate.swift; sourceTree = "<group>"; };
		E1F8850E1C9880910013BF5C /* Base */ = {isa = PBXFileReference; lastKnownFileType = file.storyboard; name = Base; path = Base.lproj/Main.storyboard; sourceTree = "<group>"; };
		E1F885101C9880910013BF5C /* Assets.xcassets */ = {isa = PBXFileReference; lastKnownFileType = folder.assetcatalog; path = Assets.xcassets; sourceTree = "<group>"; };
		E1F885131C9880910013BF5C /* Base */ = {isa = PBXFileReference; lastKnownFileType = file.storyboard; name = Base; path = Base.lproj/LaunchScreen.storyboard; sourceTree = "<group>"; };
		E1F885151C9880910013BF5C /* Info.plist */ = {isa = PBXFileReference; lastKnownFileType = text.plist.xml; path = Info.plist; sourceTree = "<group>"; };
		E1F8851B1C9883B70013BF5C /* MainTableViewController.swift */ = {isa = PBXFileReference; fileEncoding = 4; lastKnownFileType = sourcecode.swift; path = MainTableViewController.swift; sourceTree = "<group>"; };
		E1F8851D1C9883DA0013BF5C /* DetailsViewController.swift */ = {isa = PBXFileReference; fileEncoding = 4; lastKnownFileType = sourcecode.swift; path = DetailsViewController.swift; sourceTree = "<group>"; };
		E1F8851F1C9883F90013BF5C /* CustomerTableViewCell.swift */ = {isa = PBXFileReference; fileEncoding = 4; lastKnownFileType = sourcecode.swift; path = CustomerTableViewCell.swift; sourceTree = "<group>"; };
		E1F885241C9884500013BF5C /* Customer.swift */ = {isa = PBXFileReference; fileEncoding = 4; lastKnownFileType = sourcecode.swift; path = Customer.swift; sourceTree = "<group>"; };
		E1F885261C98850A0013BF5C /* CRMService.swift */ = {isa = PBXFileReference; fileEncoding = 4; lastKnownFileType = sourcecode.swift; path = CRMService.swift; sourceTree = "<group>"; };
/* End PBXFileReference section */

/* Begin PBXFrameworksBuildPhase section */
		E1F885031C9880910013BF5C /* Frameworks */ = {
			isa = PBXFrameworksBuildPhase;
			buildActionMask = 2147483647;
			files = (
				E16016F61CA29515001C9A3A /* MapKit.framework in Frameworks */,
				E16016F41CA1C094001C9A3A /* CoreLocation.framework in Frameworks */,
				EC30D7F8A0B47B3A27A58288 /* Pods.framework in Frameworks */,
			);
			runOnlyForDeploymentPostprocessing = 0;
		};
/* End PBXFrameworksBuildPhase section */

/* Begin PBXGroup section */
		6752F1BB32FEB245AFF52CA2 /* Pods */ = {
			isa = PBXGroup;
			children = (
				3300A03C5353E6B984C96572 /* Pods.debug.xcconfig */,
				9A8DADE74F17C819549FF748 /* Pods.release.xcconfig */,
			);
			name = Pods;
			sourceTree = "<group>";
		};
		AF0E607891F9E63407CA51F8 /* Frameworks */ = {
			isa = PBXGroup;
			children = (
				E16016F51CA29515001C9A3A /* MapKit.framework */,
				E16016F31CA1C094001C9A3A /* CoreLocation.framework */,
				91931090CB35EDE29BC535D5 /* Pods.framework */,
			);
			name = Frameworks;
			sourceTree = "<group>";
		};
		E1F884FD1C9880910013BF5C = {
			isa = PBXGroup;
			children = (
				E1F885081C9880910013BF5C /* FormatechCRM */,
				E1F885071C9880910013BF5C /* Products */,
				6752F1BB32FEB245AFF52CA2 /* Pods */,
				AF0E607891F9E63407CA51F8 /* Frameworks */,
			);
			sourceTree = "<group>";
		};
		E1F885071C9880910013BF5C /* Products */ = {
			isa = PBXGroup;
			children = (
				E1F885061C9880910013BF5C /* FormatechCRM.app */,
			);
			name = Products;
			sourceTree = "<group>";
		};
		E1F885081C9880910013BF5C /* FormatechCRM */ = {
			isa = PBXGroup;
			children = (
				E1F885231C98840E0013BF5C /* Models */,
				E1F885221C9884090013BF5C /* Controllers */,
				E1F885211C9884050013BF5C /* Views */,
				E1F885091C9880910013BF5C /* AppDelegate.swift */,
				E1F885101C9880910013BF5C /* Assets.xcassets */,
				E1F885151C9880910013BF5C /* Info.plist */,
			);
			path = FormatechCRM;
			sourceTree = "<group>";
		};
		E1F885211C9884050013BF5C /* Views */ = {
			isa = PBXGroup;
			children = (
				E1F8850D1C9880910013BF5C /* Main.storyboard */,
				E1F885121C9880910013BF5C /* LaunchScreen.storyboard */,
				E1F8851F1C9883F90013BF5C /* CustomerTableViewCell.swift */,
				E16016F71CA298FA001C9A3A /* CustomerAnnotation.swift */,
			);
			name = Views;
			sourceTree = "<group>";
		};
		E1F885221C9884090013BF5C /* Controllers */ = {
			isa = PBXGroup;
			children = (
				E1F8851B1C9883B70013BF5C /* MainTableViewController.swift */,
				E1F8851D1C9883DA0013BF5C /* DetailsViewController.swift */,
			);
			name = Controllers;
			sourceTree = "<group>";
		};
		E1F885231C98840E0013BF5C /* Models */ = {
			isa = PBXGroup;
			children = (
				E1F885241C9884500013BF5C /* Customer.swift */,
				E1F885261C98850A0013BF5C /* CRMService.swift */,
			);
			name = Models;
			sourceTree = "<group>";
		};
/* End PBXGroup section */

/* Begin PBXNativeTarget section */
		E1F885051C9880910013BF5C /* FormatechCRM */ = {
			isa = PBXNativeTarget;
			buildConfigurationList = E1F885181C9880910013BF5C /* Build configuration list for PBXNativeTarget "FormatechCRM" */;
			buildPhases = (
				E57410D36E9DE3FF356FFCE3 /* Check Pods Manifest.lock */,
				E1F885021C9880910013BF5C /* Sources */,
				E1F885031C9880910013BF5C /* Frameworks */,
				E1F885041C9880910013BF5C /* Resources */,
				D818AF0A8CCDEB53851DCCAB /* Embed Pods Frameworks */,
				FD07F8A8C38757DC8994EC40 /* Copy Pods Resources */,
			);
			buildRules = (
			);
			dependencies = (
			);
			name = FormatechCRM;
			productName = FormatechCRM;
			productReference = E1F885061C9880910013BF5C /* FormatechCRM.app */;
			productType = "com.apple.product-type.application";
		};
/* End PBXNativeTarget section */

/* Begin PBXProject section */
		E1F884FE1C9880910013BF5C /* Project object */ = {
			isa = PBXProject;
			attributes = {
				LastSwiftUpdateCheck = 0720;
				LastUpgradeCheck = 0720;
				ORGANIZATIONNAME = "Novium Collective SARL";
				TargetAttributes = {
					E1F885051C9880910013BF5C = {
						CreatedOnToolsVersion = 7.2.1;
					};
				};
			};
			buildConfigurationList = E1F885011C9880910013BF5C /* Build configuration list for PBXProject "FormatechCRM" */;
			compatibilityVersion = "Xcode 3.2";
			developmentRegion = English;
			hasScannedForEncodings = 0;
			knownRegions = (
				en,
				Base,
			);
			mainGroup = E1F884FD1C9880910013BF5C;
			productRefGroup = E1F885071C9880910013BF5C /* Products */;
			projectDirPath = "";
			projectRoot = "";
			targets = (
				E1F885051C9880910013BF5C /* FormatechCRM */,
			);
		};
/* End PBXProject section */

/* Begin PBXResourcesBuildPhase section */
		E1F885041C9880910013BF5C /* Resources */ = {
			isa = PBXResourcesBuildPhase;
			buildActionMask = 2147483647;
			files = (
				E1F885141C9880910013BF5C /* LaunchScreen.storyboard in Resources */,
				E1F885111C9880910013BF5C /* Assets.xcassets in Resources */,
				E1F8850F1C9880910013BF5C /* Main.storyboard in Resources */,
			);
			runOnlyForDeploymentPostprocessing = 0;
		};
/* End PBXResourcesBuildPhase section */

/* Begin PBXShellScriptBuildPhase section */
		D818AF0A8CCDEB53851DCCAB /* Embed Pods Frameworks */ = {
			isa = PBXShellScriptBuildPhase;
			buildActionMask = 2147483647;
			files = (
			);
			inputPaths = (
			);
			name = "Embed Pods Frameworks";
			outputPaths = (
			);
			runOnlyForDeploymentPostprocessing = 0;
			shellPath = /bin/sh;
			shellScript = "\"${SRCROOT}/Pods/Target Support Files/Pods/Pods-frameworks.sh\"\n";
			showEnvVarsInLog = 0;
		};
		E57410D36E9DE3FF356FFCE3 /* Check Pods Manifest.lock */ = {
			isa = PBXShellScriptBuildPhase;
			buildActionMask = 2147483647;
			files = (
			);
			inputPaths = (
			);
			name = "Check Pods Manifest.lock";
			outputPaths = (
			);
			runOnlyForDeploymentPostprocessing = 0;
			shellPath = /bin/sh;
			shellScript = "diff \"${PODS_ROOT}/../Podfile.lock\" \"${PODS_ROOT}/Manifest.lock\" > /dev/null\nif [[ $? != 0 ]] ; then\n    cat << EOM\nerror: The sandbox is not in sync with the Podfile.lock. Run 'pod install' or update your CocoaPods installation.\nEOM\n    exit 1\nfi\n";
			showEnvVarsInLog = 0;
		};
		FD07F8A8C38757DC8994EC40 /* Copy Pods Resources */ = {
			isa = PBXShellScriptBuildPhase;
			buildActionMask = 2147483647;
			files = (
			);
			inputPaths = (
			);
			name = "Copy Pods Resources";
			outputPaths = (
			);
			runOnlyForDeploymentPostprocessing = 0;
			shellPath = /bin/sh;
			shellScript = "\"${SRCROOT}/Pods/Target Support Files/Pods/Pods-resources.sh\"\n";
			showEnvVarsInLog = 0;
		};
/* End PBXShellScriptBuildPhase section */

/* Begin PBXSourcesBuildPhase section */
		E1F885021C9880910013BF5C /* Sources */ = {
			isa = PBXSourcesBuildPhase;
			buildActionMask = 2147483647;
			files = (
				E1F8851C1C9883B70013BF5C /* MainTableViewController.swift in Sources */,
				E1F885251C9884500013BF5C /* Customer.swift in Sources */,
				E16016F81CA298FA001C9A3A /* CustomerAnnotation.swift in Sources */,
				E1F885271C98850A0013BF5C /* CRMService.swift in Sources */,
				E1F8850A1C9880910013BF5C /* AppDelegate.swift in Sources */,
				E1F8851E1C9883DA0013BF5C /* DetailsViewController.swift in Sources */,
				E1F885201C9883F90013BF5C /* CustomerTableViewCell.swift in Sources */,
			);
			runOnlyForDeploymentPostprocessing = 0;
		};
/* End PBXSourcesBuildPhase section */

/* Begin PBXVariantGroup section */
		E1F8850D1C9880910013BF5C /* Main.storyboard */ = {
			isa = PBXVariantGroup;
			children = (
				E1F8850E1C9880910013BF5C /* Base */,
			);
			name = Main.storyboard;
			sourceTree = "<group>";
		};
		E1F885121C9880910013BF5C /* LaunchScreen.storyboard */ = {
			isa = PBXVariantGroup;
			children = (
				E1F885131C9880910013BF5C /* Base */,
			);
			name = LaunchScreen.storyboard;
			sourceTree = "<group>";
		};
/* End PBXVariantGroup section */

/* Begin XCBuildConfiguration section */
		E1F885161C9880910013BF5C /* Debug */ = {
			isa = XCBuildConfiguration;
			buildSettings = {
				ALWAYS_SEARCH_USER_PATHS = NO;
				CLANG_CXX_LANGUAGE_STANDARD = "gnu++0x";
				CLANG_CXX_LIBRARY = "libc++";
				CLANG_ENABLE_MODULES = YES;
				CLANG_ENABLE_OBJC_ARC = YES;
				CLANG_WARN_BOOL_CONVERSION = YES;
				CLANG_WARN_CONSTANT_CONVERSION = YES;
				CLANG_WARN_DIRECT_OBJC_ISA_USAGE = YES_ERROR;
				CLANG_WARN_EMPTY_BODY = YES;
				CLANG_WARN_ENUM_CONVERSION = YES;
				CLANG_WARN_INT_CONVERSION = YES;
				CLANG_WARN_OBJC_ROOT_CLASS = YES_ERROR;
				CLANG_WARN_UNREACHABLE_CODE = YES;
				CLANG_WARN__DUPLICATE_METHOD_MATCH = YES;
				"CODE_SIGN_IDENTITY[sdk=iphoneos*]" = "iPhone Developer";
				COPY_PHASE_STRIP = NO;
				DEBUG_INFORMATION_FORMAT = dwarf;
				ENABLE_STRICT_OBJC_MSGSEND = YES;
				ENABLE_TESTABILITY = YES;
				GCC_C_LANGUAGE_STANDARD = gnu99;
				GCC_DYNAMIC_NO_PIC = NO;
				GCC_NO_COMMON_BLOCKS = YES;
				GCC_OPTIMIZATION_LEVEL = 0;
				GCC_PREPROCESSOR_DEFINITIONS = (
					"DEBUG=1",
					"$(inherited)",
				);
				GCC_WARN_64_TO_32_BIT_CONVERSION = YES;
				GCC_WARN_ABOUT_RETURN_TYPE = YES_ERROR;
				GCC_WARN_UNDECLARED_SELECTOR = YES;
				GCC_WARN_UNINITIALIZED_AUTOS = YES_AGGRESSIVE;
				GCC_WARN_UNUSED_FUNCTION = YES;
				GCC_WARN_UNUSED_VARIABLE = YES;
				IPHONEOS_DEPLOYMENT_TARGET = 9.2;
				MTL_ENABLE_DEBUG_INFO = YES;
				ONLY_ACTIVE_ARCH = YES;
				SDKROOT = iphoneos;
				SWIFT_OPTIMIZATION_LEVEL = "-Onone";
			};
			name = Debug;
		};
		E1F885171C9880910013BF5C /* Release */ = {
			isa = XCBuildConfiguration;
			buildSettings = {
				ALWAYS_SEARCH_USER_PATHS = NO;
				CLANG_CXX_LANGUAGE_STANDARD = "gnu++0x";
				CLANG_CXX_LIBRARY = "libc++";
				CLANG_ENABLE_MODULES = YES;
				CLANG_ENABLE_OBJC_ARC = YES;
				CLANG_WARN_BOOL_CONVERSION = YES;
				CLANG_WARN_CONSTANT_CONVERSION = YES;
				CLANG_WARN_DIRECT_OBJC_ISA_USAGE = YES_ERROR;
				CLANG_WARN_EMPTY_BODY = YES;
				CLANG_WARN_ENUM_CONVERSION = YES;
				CLANG_WARN_INT_CONVERSION = YES;
				CLANG_WARN_OBJC_ROOT_CLASS = YES_ERROR;
				CLANG_WARN_UNREACHABLE_CODE = YES;
				CLANG_WARN__DUPLICATE_METHOD_MATCH = YES;
				"CODE_SIGN_IDENTITY[sdk=iphoneos*]" = "iPhone Developer";
				COPY_PHASE_STRIP = NO;
				DEBUG_INFORMATION_FORMAT = "dwarf-with-dsym";
				ENABLE_NS_ASSERTIONS = NO;
				ENABLE_STRICT_OBJC_MSGSEND = YES;
				GCC_C_LANGUAGE_STANDARD = gnu99;
				GCC_NO_COMMON_BLOCKS = YES;
				GCC_WARN_64_TO_32_BIT_CONVERSION = YES;
				GCC_WARN_ABOUT_RETURN_TYPE = YES_ERROR;
				GCC_WARN_UNDECLARED_SELECTOR = YES;
				GCC_WARN_UNINITIALIZED_AUTOS = YES_AGGRESSIVE;
				GCC_WARN_UNUSED_FUNCTION = YES;
				GCC_WARN_UNUSED_VARIABLE = YES;
				IPHONEOS_DEPLOYMENT_TARGET = 9.2;
				MTL_ENABLE_DEBUG_INFO = NO;
				SDKROOT = iphoneos;
				VALIDATE_PRODUCT = YES;
			};
			name = Release;
		};
		E1F885191C9880910013BF5C /* Debug */ = {
			isa = XCBuildConfiguration;
			baseConfigurationReference = 3300A03C5353E6B984C96572 /* Pods.debug.xcconfig */;
			buildSettings = {
				ASSETCATALOG_COMPILER_APPICON_NAME = AppIcon;
				INFOPLIST_FILE = FormatechCRM/Info.plist;
				LD_RUNPATH_SEARCH_PATHS = "$(inherited) @executable_path/Frameworks";
				PRODUCT_BUNDLE_IDENTIFIER = com.noviumcollective.FormatechCRM;
				PRODUCT_NAME = "$(TARGET_NAME)";
			};
			name = Debug;
		};
		E1F8851A1C9880910013BF5C /* Release */ = {
			isa = XCBuildConfiguration;
			baseConfigurationReference = 9A8DADE74F17C819549FF748 /* Pods.release.xcconfig */;
			buildSettings = {
				ASSETCATALOG_COMPILER_APPICON_NAME = AppIcon;
				INFOPLIST_FILE = FormatechCRM/Info.plist;
				LD_RUNPATH_SEARCH_PATHS = "$(inherited) @executable_path/Frameworks";
				PRODUCT_BUNDLE_IDENTIFIER = com.noviumcollective.FormatechCRM;
				PRODUCT_NAME = "$(TARGET_NAME)";
			};
			name = Release;
		};
/* End XCBuildConfiguration section */

/* Begin XCConfigurationList section */
		E1F885011C9880910013BF5C /* Build configuration list for PBXProject "FormatechCRM" */ = {
			isa = XCConfigurationList;
			buildConfigurations = (
				E1F885161C9880910013BF5C /* Debug */,
				E1F885171C9880910013BF5C /* Release */,
			);
			defaultConfigurationIsVisible = 0;
			defaultConfigurationName = Release;
		};
		E1F885181C9880910013BF5C /* Build configuration list for PBXNativeTarget "FormatechCRM" */ = {
			isa = XCConfigurationList;
			buildConfigurations = (
				E1F885191C9880910013BF5C /* Debug */,
				E1F8851A1C9880910013BF5C /* Release */,
			);
			defaultConfigurationIsVisible = 0;
			defaultConfigurationName = Release;
		};
/* End XCConfigurationList section */
	};
	rootObject = E1F884FE1C9880910013BF5C /* Project object */;
}
